
Microsoft Visual Studio Solution File, Format Version 12.00
# Visual Studio Version 16
VisualStudioVersion = 16.0.30114.105
MinimumVisualStudioVersion = 10.0.40219.1
Project("{FAE04EC0-301F-11D3-BF4B-00C04F79EFBC}") = "Fics.API", "Fics.API\Fics.API.csproj", "{5A587072-4679-44B0-BCFD-EC4320324B85}"
EndProject
Project("{FAE04EC0-301F-11D3-BF4B-00C04F79EFBC}") = "Fics.Application", "Fics.Application\Fics.Application.csproj", "{12B0DAFD-ACE3-47E4-8392-97900A54C26E}"
EndProject
Project("{FAE04EC0-301F-11D3-BF4B-00C04F79EFBC}") = "Fics.Domain", "Fics.Domain\Fics.Domain.csproj", "{00E934DE-1C90-4976-A6A7-929450C931D0}"
EndProject
Project("{FAE04EC0-301F-11D3-BF4B-00C04F79EFBC}") = "Fics.Persistence", "Fics.Persistence\Fics.Persistence.csproj", "{6B0AEC9F-7A36-420F-A9BE-65F2073F5754}"
EndProject
Global
	GlobalSection(SolutionConfigurationPlatforms) = preSolution
		Debug|Any CPU = Debug|Any CPU
		Debug|x64 = Debug|x64
		Debug|x86 = Debug|x86
		Release|Any CPU = Release|Any CPU
		Release|x64 = Release|x64
		Release|x86 = Release|x86
	EndGlobalSection
	GlobalSection(SolutionProperties) = preSolution
		HideSolutionNode = FALSE
	EndGlobalSection
	GlobalSection(ProjectConfigurationPlatforms) = postSolution
		{5A587072-4679-44B0-BCFD-EC4320324B85}.Debug|Any CPU.ActiveCfg = Debug|Any CPU
		{5A587072-4679-44B0-BCFD-EC4320324B85}.Debug|Any CPU.Build.0 = Debug|Any CPU
		{5A587072-4679-44B0-BCFD-EC4320324B85}.Debug|x64.ActiveCfg = Debug|Any CPU
		{5A587072-4679-44B0-BCFD-EC4320324B85}.Debug|x64.Build.0 = Debug|Any CPU
		{5A587072-4679-44B0-BCFD-EC4320324B85}.Debug|x86.ActiveCfg = Debug|Any CPU
		{5A587072-4679-44B0-BCFD-EC4320324B85}.Debug|x86.Build.0 = Debug|Any CPU
		{5A587072-4679-44B0-BCFD-EC4320324B85}.Release|Any CPU.ActiveCfg = Release|Any CPU
		{5A587072-4679-44B0-BCFD-EC4320324B85}.Release|Any CPU.Build.0 = Release|Any CPU
		{5A587072-4679-44B0-BCFD-EC4320324B85}.Release|x64.ActiveCfg = Release|Any CPU
		{5A587072-4679-44B0-BCFD-EC4320324B85}.Release|x64.Build.0 = Release|Any CPU
		{5A587072-4679-44B0-BCFD-EC4320324B85}.Release|x86.ActiveCfg = Release|Any CPU
		{5A587072-4679-44B0-BCFD-EC4320324B85}.Release|x86.Build.0 = Release|Any CPU
		{12B0DAFD-ACE3-47E4-8392-97900A54C26E}.Debug|Any CPU.ActiveCfg = Debug|Any CPU
		{12B0DAFD-ACE3-47E4-8392-97900A54C26E}.Debug|Any CPU.Build.0 = Debug|Any CPU
		{12B0DAFD-ACE3-47E4-8392-97900A54C26E}.Debug|x64.ActiveCfg = Debug|Any CPU
		{12B0DAFD-ACE3-47E4-8392-97900A54C26E}.Debug|x64.Build.0 = Debug|Any CPU
		{12B0DAFD-ACE3-47E4-8392-97900A54C26E}.Debug|x86.ActiveCfg = Debug|Any CPU
		{12B0DAFD-ACE3-47E4-8392-97900A54C26E}.Debug|x86.Build.0 = Debug|Any CPU
		{12B0DAFD-ACE3-47E4-8392-97900A54C26E}.Release|Any CPU.ActiveCfg = Release|Any CPU
		{12B0DAFD-ACE3-47E4-8392-97900A54C26E}.Release|Any CPU.Build.0 = Release|Any CPU
		{12B0DAFD-ACE3-47E4-8392-97900A54C26E}.Release|x64.ActiveCfg = Release|Any CPU
		{12B0DAFD-ACE3-47E4-8392-97900A54C26E}.Release|x64.Build.0 = Release|Any CPU
		{12B0DAFD-ACE3-47E4-8392-97900A54C26E}.Release|x86.ActiveCfg = Release|Any CPU
		{12B0DAFD-ACE3-47E4-8392-97900A54C26E}.Release|x86.Build.0 = Release|Any CPU
		{00E934DE-1C90-4976-A6A7-929450C931D0}.Debug|Any CPU.ActiveCfg = Debug|Any CPU
		{00E934DE-1C90-4976-A6A7-929450C931D0}.Debug|Any CPU.Build.0 = Debug|Any CPU
		{00E934DE-1C90-4976-A6A7-929450C931D0}.Debug|x64.ActiveCfg = Debug|Any CPU
		{00E934DE-1C90-4976-A6A7-929450C931D0}.Debug|x64.Build.0 = Debug|Any CPU
		{00E934DE-1C90-4976-A6A7-929450C931D0}.Debug|x86.ActiveCfg = Debug|Any CPU
		{00E934DE-1C90-4976-A6A7-929450C931D0}.Debug|x86.Build.0 = Debug|Any CPU
		{00E934DE-1C90-4976-A6A7-929450C931D0}.Release|Any CPU.ActiveCfg = Release|Any CPU
		{00E934DE-1C90-4976-A6A7-929450C931D0}.Release|Any CPU.Build.0 = Release|Any CPU
		{00E934DE-1C90-4976-A6A7-929450C931D0}.Release|x64.ActiveCfg = Release|Any CPU
		{00E934DE-1C90-4976-A6A7-929450C931D0}.Release|x64.Build.0 = Release|Any CPU
		{00E934DE-1C90-4976-A6A7-929450C931D0}.Release|x86.ActiveCfg = Release|Any CPU
		{00E934DE-1C90-4976-A6A7-929450C931D0}.Release|x86.Build.0 = Release|Any CPU
		{6B0AEC9F-7A36-420F-A9BE-65F2073F5754}.Debug|Any CPU.ActiveCfg = Debug|Any CPU
		{6B0AEC9F-7A36-420F-A9BE-65F2073F5754}.Debug|Any CPU.Build.0 = Debug|Any CPU
		{6B0AEC9F-7A36-420F-A9BE-65F2073F5754}.Debug|x64.ActiveCfg = Debug|Any CPU
		{6B0AEC9F-7A36-420F-A9BE-65F2073F5754}.Debug|x64.Build.0 = Debug|Any CPU
		{6B0AEC9F-7A36-420F-A9BE-65F2073F5754}.Debug|x86.ActiveCfg = Debug|Any CPU
		{6B0AEC9F-7A36-420F-A9BE-65F2073F5754}.Debug|x86.Build.0 = Debug|Any CPU
		{6B0AEC9F-7A36-420F-A9BE-65F2073F5754}.Release|Any CPU.ActiveCfg = Release|Any CPU
		{6B0AEC9F-7A36-420F-A9BE-65F2073F5754}.Release|Any CPU.Build.0 = Release|Any CPU
		{6B0AEC9F-7A36-420F-A9BE-65F2073F5754}.Release|x64.ActiveCfg = Release|Any CPU
		{6B0AEC9F-7A36-420F-A9BE-65F2073F5754}.Release|x64.Build.0 = Release|Any CPU
		{6B0AEC9F-7A36-420F-A9BE-65F2073F5754}.Release|x86.ActiveCfg = Release|Any CPU
		{6B0AEC9F-7A36-420F-A9BE-65F2073F5754}.Release|x86.Build.0 = Release|Any CPU
	EndGlobalSection
EndGlobal
